
Microsoft Visual Studio Solution File, Format Version 12.00
# Visual Studio Version 17
VisualStudioVersion = 17.7.34031.279
MinimumVisualStudioVersion = 10.0.40219.1
Project("{FAE04EC0-301F-11D3-BF4B-00C04F79EFBC}") = "NHAPXUAT", "NHAPXUAT\NHAPXUAT.csproj", "{7629BA23-AC64-47FE-AA13-FB14CBCAF5DD}"
EndProject
Project("{FAE04EC0-301F-11D3-BF4B-00C04F79EFBC}") = "TinhTong3", "TinhTong3\TinhTong3.csproj", "{759EEC19-AC56-4F80-9993-FF4840431609}"
EndProject
Project("{FAE04EC0-301F-11D3-BF4B-00C04F79EFBC}") = "XUAT2", "XUAT2\XUAT2.csproj", "{79237EA9-5FE9-4E47-887F-88E140AA706A}"
EndProject
Project("{FAE04EC0-301F-11D3-BF4B-00C04F79EFBC}") = "NHAPXUAT2", "NHAPXUAT2\NHAPXUAT2.csproj", "{56ACDD9F-B344-4E9C-BEE9-12D1E9584815}"
EndProject
Project("{FAE04EC0-301F-11D3-BF4B-00C04F79EFBC}") = "TONGCHUSO", "TONGCHUSO\TONGCHUSO.csproj", "{DD4FBA5A-66CA-42B4-8074-FF593490A97D}"
EndProject
Project("{FAE04EC0-301F-11D3-BF4B-00C04F79EFBC}") = "DAONGUOC", "DAONGUOC\DAONGUOC.csproj", "{95BF9732-E151-4D45-A359-CAC1600CC744}"
EndProject
Project("{FAE04EC0-301F-11D3-BF4B-00C04F79EFBC}") = "ASCII", "ASCII\ASCII.csproj", "{9C97D91B-1296-4AF5-BD5B-98551F43796D}"
EndProject
Project("{FAE04EC0-301F-11D3-BF4B-00C04F79EFBC}") = "NHAPXUAT1", "NHAPXUAT1\NHAPXUAT1.csproj", "{4B25A938-EC7B-400D-8DE7-62181F284200}"
EndProject
Project("{FAE04EC0-301F-11D3-BF4B-00C04F79EFBC}") = "CBXUAT", "CBXUAT\CBXUAT.csproj", "{208D48DF-1EA8-49D0-8A91-FCBDAF497E78}"
EndProject
Project("{FAE04EC0-301F-11D3-BF4B-00C04F79EFBC}") = "NHAPXUAT6", "NHAPXUAT6\NHAPXUAT6.csproj", "{FD9F1E01-168D-43D3-8E12-AFAE390672A0}"
EndProject
Global
	GlobalSection(SolutionConfigurationPlatforms) = preSolution
		Debug|Any CPU = Debug|Any CPU
		Release|Any CPU = Release|Any CPU
	EndGlobalSection
	GlobalSection(ProjectConfigurationPlatforms) = postSolution
		{7629BA23-AC64-47FE-AA13-FB14CBCAF5DD}.Debug|Any CPU.ActiveCfg = Debug|Any CPU
		{7629BA23-AC64-47FE-AA13-FB14CBCAF5DD}.Debug|Any CPU.Build.0 = Debug|Any CPU
		{7629BA23-AC64-47FE-AA13-FB14CBCAF5DD}.Release|Any CPU.ActiveCfg = Release|Any CPU
		{7629BA23-AC64-47FE-AA13-FB14CBCAF5DD}.Release|Any CPU.Build.0 = Release|Any CPU
		{759EEC19-AC56-4F80-9993-FF4840431609}.Debug|Any CPU.ActiveCfg = Debug|Any CPU
		{759EEC19-AC56-4F80-9993-FF4840431609}.Debug|Any CPU.Build.0 = Debug|Any CPU
		{759EEC19-AC56-4F80-9993-FF4840431609}.Release|Any CPU.ActiveCfg = Release|Any CPU
		{759EEC19-AC56-4F80-9993-FF4840431609}.Release|Any CPU.Build.0 = Release|Any CPU
		{79237EA9-5FE9-4E47-887F-88E140AA706A}.Debug|Any CPU.ActiveCfg = Debug|Any CPU
		{79237EA9-5FE9-4E47-887F-88E140AA706A}.Debug|Any CPU.Build.0 = Debug|Any CPU
		{79237EA9-5FE9-4E47-887F-88E140AA706A}.Release|Any CPU.ActiveCfg = Release|Any CPU
		{79237EA9-5FE9-4E47-887F-88E140AA706A}.Release|Any CPU.Build.0 = Release|Any CPU
		{56ACDD9F-B344-4E9C-BEE9-12D1E9584815}.Debug|Any CPU.ActiveCfg = Debug|Any CPU
		{56ACDD9F-B344-4E9C-BEE9-12D1E9584815}.Debug|Any CPU.Build.0 = Debug|Any CPU
		{56ACDD9F-B344-4E9C-BEE9-12D1E9584815}.Release|Any CPU.ActiveCfg = Release|Any CPU
		{56ACDD9F-B344-4E9C-BEE9-12D1E9584815}.Release|Any CPU.Build.0 = Release|Any CPU
		{DD4FBA5A-66CA-42B4-8074-FF593490A97D}.Debug|Any CPU.ActiveCfg = Debug|Any CPU
		{DD4FBA5A-66CA-42B4-8074-FF593490A97D}.Debug|Any CPU.Build.0 = Debug|Any CPU
		{DD4FBA5A-66CA-42B4-8074-FF593490A97D}.Release|Any CPU.ActiveCfg = Release|Any CPU
		{DD4FBA5A-66CA-42B4-8074-FF593490A97D}.Release|Any CPU.Build.0 = Release|Any CPU
		{95BF9732-E151-4D45-A359-CAC1600CC744}.Debug|Any CPU.ActiveCfg = Debug|Any CPU
		{95BF9732-E151-4D45-A359-CAC1600CC744}.Debug|Any CPU.Build.0 = Debug|Any CPU
		{95BF9732-E151-4D45-A359-CAC1600CC744}.Release|Any CPU.ActiveCfg = Release|Any CPU
		{95BF9732-E151-4D45-A359-CAC1600CC744}.Release|Any CPU.Build.0 = Release|Any CPU
		{9C97D91B-1296-4AF5-BD5B-98551F43796D}.Debug|Any CPU.ActiveCfg = Debug|Any CPU
		{9C97D91B-1296-4AF5-BD5B-98551F43796D}.Debug|Any CPU.Build.0 = Debug|Any CPU
		{9C97D91B-1296-4AF5-BD5B-98551F43796D}.Release|Any CPU.ActiveCfg = Release|Any CPU
		{9C97D91B-1296-4AF5-BD5B-98551F43796D}.Release|Any CPU.Build.0 = Release|Any CPU
		{4B25A938-EC7B-400D-8DE7-62181F284200}.Debug|Any CPU.ActiveCfg = Debug|Any CPU
		{4B25A938-EC7B-400D-8DE7-62181F284200}.Debug|Any CPU.Build.0 = Debug|Any CPU
		{4B25A938-EC7B-400D-8DE7-62181F284200}.Release|Any CPU.ActiveCfg = Release|Any CPU
		{4B25A938-EC7B-400D-8DE7-62181F284200}.Release|Any CPU.Build.0 = Release|Any CPU
		{208D48DF-1EA8-49D0-8A91-FCBDAF497E78}.Debug|Any CPU.ActiveCfg = Debug|Any CPU
		{208D48DF-1EA8-49D0-8A91-FCBDAF497E78}.Debug|Any CPU.Build.0 = Debug|Any CPU
		{208D48DF-1EA8-49D0-8A91-FCBDAF497E78}.Release|Any CPU.ActiveCfg = Release|Any CPU
		{208D48DF-1EA8-49D0-8A91-FCBDAF497E78}.Release|Any CPU.Build.0 = Release|Any CPU
		{FD9F1E01-168D-43D3-8E12-AFAE390672A0}.Debug|Any CPU.ActiveCfg = Debug|Any CPU
		{FD9F1E01-168D-43D3-8E12-AFAE390672A0}.Debug|Any CPU.Build.0 = Debug|Any CPU
		{FD9F1E01-168D-43D3-8E12-AFAE390672A0}.Release|Any CPU.ActiveCfg = Release|Any CPU
		{FD9F1E01-168D-43D3-8E12-AFAE390672A0}.Release|Any CPU.Build.0 = Release|Any CPU
	EndGlobalSection
	GlobalSection(SolutionProperties) = preSolution
		HideSolutionNode = FALSE
	EndGlobalSection
	GlobalSection(ExtensibilityGlobals) = postSolution
		SolutionGuid = {10E80483-CEAC-4264-BFE9-6F40FBA80EBF}
	EndGlobalSection
EndGlobal
